// !$*UTF8*$!
{
	archiveVersion = 1;
	classes = {
	};
	objectVersion = 56;
	objects = {

/* Begin PBXBuildFile section */
		DE09366B2A779BBF00FDF0D1 /* AppDelegate.swift in Sources */ = {isa = PBXBuildFile; fileRef = DE09366A2A779BBF00FDF0D1 /* AppDelegate.swift */; };
		DE09366D2A779BC000FDF0D1 /* SceneDelegate.swift in Sources */ = {isa = PBXBuildFile; fileRef = DE09366C2A779BC000FDF0D1 /* SceneDelegate.swift */; };
		DE09366F2A779BC000FDF0D1 /* DetailInfoViewController.swift in Sources */ = {isa = PBXBuildFile; fileRef = DE09366E2A779BC000FDF0D1 /* DetailInfoViewController.swift */; };
		DE0936722A779BC000FDF0D1 /* Main.storyboard in Resources */ = {isa = PBXBuildFile; fileRef = DE0936702A779BC000FDF0D1 /* Main.storyboard */; };
		DE0936742A779BC200FDF0D1 /* Assets.xcassets in Resources */ = {isa = PBXBuildFile; fileRef = DE0936732A779BC200FDF0D1 /* Assets.xcassets */; };
		DE0936772A779BC200FDF0D1 /* LaunchScreen.storyboard in Resources */ = {isa = PBXBuildFile; fileRef = DE0936752A779BC200FDF0D1 /* LaunchScreen.storyboard */; };
		DE09367F2A779C5800FDF0D1 /* BookShelfCollectionViewController.swift in Sources */ = {isa = PBXBuildFile; fileRef = DE09367E2A779C5800FDF0D1 /* BookShelfCollectionViewController.swift */; };
		DE0936822A779C7700FDF0D1 /* BookCollectionViewCell.swift in Sources */ = {isa = PBXBuildFile; fileRef = DE0936802A779C7700FDF0D1 /* BookCollectionViewCell.swift */; };
		DE0936832A779C7700FDF0D1 /* BookCollectionViewCell.xib in Resources */ = {isa = PBXBuildFile; fileRef = DE0936812A779C7700FDF0D1 /* BookCollectionViewCell.xib */; };
		DE0936852A779E0700FDF0D1 /* MovieData.swift in Sources */ = {isa = PBXBuildFile; fileRef = DE0936842A779E0700FDF0D1 /* MovieData.swift */; };
		DE0936872A77B13300FDF0D1 /* Extension+Label.swift in Sources */ = {isa = PBXBuildFile; fileRef = DE0936862A77B13300FDF0D1 /* Extension+Label.swift */; };
		DE0936892A77CC2500FDF0D1 /* SearchViewController.swift in Sources */ = {isa = PBXBuildFile; fileRef = DE0936882A77CC2500FDF0D1 /* SearchViewController.swift */; };
		DE74076A2A838114008CC62A /* Alamofire in Frameworks */ = {isa = PBXBuildFile; productRef = DE7407692A838114008CC62A /* Alamofire */; };
		DE74076D2A838123008CC62A /* Kingfisher in Frameworks */ = {isa = PBXBuildFile; productRef = DE74076C2A838123008CC62A /* Kingfisher */; };
		DE7407702A838133008CC62A /* SwiftyJSON in Frameworks */ = {isa = PBXBuildFile; productRef = DE74076F2A838133008CC62A /* SwiftyJSON */; };
		DE7407722A8384B9008CC62A /* .gitignore in Resources */ = {isa = PBXBuildFile; fileRef = DE7407712A8384B9008CC62A /* .gitignore */; };
		DE7407742A8384C9008CC62A /* APIKeys.swift in Sources */ = {isa = PBXBuildFile; fileRef = DE7407732A8384C9008CC62A /* APIKeys.swift */; };
		DE7407762A838702008CC62A /* Book.swift in Sources */ = {isa = PBXBuildFile; fileRef = DE7407752A838702008CC62A /* Book.swift */; };
		DE8261E42A7A49B4006B6AF8 /* LookAroundViewController.swift in Sources */ = {isa = PBXBuildFile; fileRef = DE8261E32A7A49B4006B6AF8 /* LookAroundViewController.swift */; };
		DE8261E72A7A4B0A006B6AF8 /* RecentLookCollectionViewCell.swift in Sources */ = {isa = PBXBuildFile; fileRef = DE8261E52A7A4B0A006B6AF8 /* RecentLookCollectionViewCell.swift */; };
		DE8261E82A7A4B0A006B6AF8 /* RecentLookCollectionViewCell.xib in Resources */ = {isa = PBXBuildFile; fileRef = DE8261E62A7A4B0A006B6AF8 /* RecentLookCollectionViewCell.xib */; };
		DE8261EB2A7A64DE006B6AF8 /* RecentPopularTableViewCell.swift in Sources */ = {isa = PBXBuildFile; fileRef = DE8261E92A7A64DE006B6AF8 /* RecentPopularTableViewCell.swift */; };
		DE8261EC2A7A64DE006B6AF8 /* RecentPopularTableViewCell.xib in Resources */ = {isa = PBXBuildFile; fileRef = DE8261EA2A7A64DE006B6AF8 /* RecentPopularTableViewCell.xib */; };
		DE8F495E2AA61E520028C055 /* Realm in Frameworks */ = {isa = PBXBuildFile; productRef = DE8F495D2AA61E520028C055 /* Realm */; };
		DE8F49602AA61E520028C055 /* RealmSwift in Frameworks */ = {isa = PBXBuildFile; productRef = DE8F495F2AA61E520028C055 /* RealmSwift */; };
		DE8F49632AA625A30028C055 /* RealmBookModel.swift in Sources */ = {isa = PBXBuildFile; fileRef = DE8F49622AA625A30028C055 /* RealmBookModel.swift */; };
/* End PBXBuildFile section */

/* Begin PBXFileReference section */
		DE0936672A779BBF00FDF0D1 /* BookWarm.app */ = {isa = PBXFileReference; explicitFileType = wrapper.application; includeInIndex = 0; path = BookWarm.app; sourceTree = BUILT_PRODUCTS_DIR; };
		DE09366A2A779BBF00FDF0D1 /* AppDelegate.swift */ = {isa = PBXFileReference; lastKnownFileType = sourcecode.swift; path = AppDelegate.swift; sourceTree = "<group>"; };
		DE09366C2A779BC000FDF0D1 /* SceneDelegate.swift */ = {isa = PBXFileReference; lastKnownFileType = sourcecode.swift; path = SceneDelegate.swift; sourceTree = "<group>"; };
		DE09366E2A779BC000FDF0D1 /* DetailInfoViewController.swift */ = {isa = PBXFileReference; lastKnownFileType = sourcecode.swift; path = DetailInfoViewController.swift; sourceTree = "<group>"; };
		DE0936712A779BC000FDF0D1 /* Base */ = {isa = PBXFileReference; lastKnownFileType = file.storyboard; name = Base; path = Base.lproj/Main.storyboard; sourceTree = "<group>"; };
		DE0936732A779BC200FDF0D1 /* Assets.xcassets */ = {isa = PBXFileReference; lastKnownFileType = folder.assetcatalog; path = Assets.xcassets; sourceTree = "<group>"; };
		DE0936762A779BC200FDF0D1 /* Base */ = {isa = PBXFileReference; lastKnownFileType = file.storyboard; name = Base; path = Base.lproj/LaunchScreen.storyboard; sourceTree = "<group>"; };
		DE0936782A779BC200FDF0D1 /* Info.plist */ = {isa = PBXFileReference; lastKnownFileType = text.plist.xml; path = Info.plist; sourceTree = "<group>"; };
		DE09367E2A779C5800FDF0D1 /* BookShelfCollectionViewController.swift */ = {isa = PBXFileReference; lastKnownFileType = sourcecode.swift; path = BookShelfCollectionViewController.swift; sourceTree = "<group>"; };
		DE0936802A779C7700FDF0D1 /* BookCollectionViewCell.swift */ = {isa = PBXFileReference; lastKnownFileType = sourcecode.swift; path = BookCollectionViewCell.swift; sourceTree = "<group>"; };
		DE0936812A779C7700FDF0D1 /* BookCollectionViewCell.xib */ = {isa = PBXFileReference; lastKnownFileType = file.xib; path = BookCollectionViewCell.xib; sourceTree = "<group>"; };
		DE0936842A779E0700FDF0D1 /* MovieData.swift */ = {isa = PBXFileReference; lastKnownFileType = sourcecode.swift; path = MovieData.swift; sourceTree = "<group>"; };
		DE0936862A77B13300FDF0D1 /* Extension+Label.swift */ = {isa = PBXFileReference; lastKnownFileType = sourcecode.swift; path = "Extension+Label.swift"; sourceTree = "<group>"; };
		DE0936882A77CC2500FDF0D1 /* SearchViewController.swift */ = {isa = PBXFileReference; lastKnownFileType = sourcecode.swift; path = SearchViewController.swift; sourceTree = "<group>"; };
		DE7407712A8384B9008CC62A /* .gitignore */ = {isa = PBXFileReference; lastKnownFileType = text; path = .gitignore; sourceTree = "<group>"; };
		DE7407732A8384C9008CC62A /* APIKeys.swift */ = {isa = PBXFileReference; lastKnownFileType = sourcecode.swift; path = APIKeys.swift; sourceTree = "<group>"; };
		DE7407752A838702008CC62A /* Book.swift */ = {isa = PBXFileReference; lastKnownFileType = sourcecode.swift; path = Book.swift; sourceTree = "<group>"; };
		DE8261E32A7A49B4006B6AF8 /* LookAroundViewController.swift */ = {isa = PBXFileReference; lastKnownFileType = sourcecode.swift; path = LookAroundViewController.swift; sourceTree = "<group>"; };
		DE8261E52A7A4B0A006B6AF8 /* RecentLookCollectionViewCell.swift */ = {isa = PBXFileReference; lastKnownFileType = sourcecode.swift; path = RecentLookCollectionViewCell.swift; sourceTree = "<group>"; };
		DE8261E62A7A4B0A006B6AF8 /* RecentLookCollectionViewCell.xib */ = {isa = PBXFileReference; lastKnownFileType = file.xib; path = RecentLookCollectionViewCell.xib; sourceTree = "<group>"; };
		DE8261E92A7A64DE006B6AF8 /* RecentPopularTableViewCell.swift */ = {isa = PBXFileReference; lastKnownFileType = sourcecode.swift; path = RecentPopularTableViewCell.swift; sourceTree = "<group>"; };
		DE8261EA2A7A64DE006B6AF8 /* RecentPopularTableViewCell.xib */ = {isa = PBXFileReference; lastKnownFileType = file.xib; path = RecentPopularTableViewCell.xib; sourceTree = "<group>"; };
		DE8F49622AA625A30028C055 /* RealmBookModel.swift */ = {isa = PBXFileReference; lastKnownFileType = sourcecode.swift; path = RealmBookModel.swift; sourceTree = "<group>"; };
/* End PBXFileReference section */

/* Begin PBXFrameworksBuildPhase section */
		DE0936642A779BBF00FDF0D1 /* Frameworks */ = {
			isa = PBXFrameworksBuildPhase;
			buildActionMask = 2147483647;
			files = (
				DE7407702A838133008CC62A /* SwiftyJSON in Frameworks */,
				DE74076D2A838123008CC62A /* Kingfisher in Frameworks */,
				DE8F495E2AA61E520028C055 /* Realm in Frameworks */,
				DE8F49602AA61E520028C055 /* RealmSwift in Frameworks */,
				DE74076A2A838114008CC62A /* Alamofire in Frameworks */,
			);
			runOnlyForDeploymentPostprocessing = 0;
		};
/* End PBXFrameworksBuildPhase section */

/* Begin PBXGroup section */
		DE09365E2A779BBF00FDF0D1 = {
			isa = PBXGroup;
			children = (
				DE0936692A779BBF00FDF0D1 /* BookWarm */,
				DE0936682A779BBF00FDF0D1 /* Products */,
			);
			sourceTree = "<group>";
		};
		DE0936682A779BBF00FDF0D1 /* Products */ = {
			isa = PBXGroup;
			children = (
				DE0936672A779BBF00FDF0D1 /* BookWarm.app */,
			);
			name = Products;
			sourceTree = "<group>";
		};
		DE0936692A779BBF00FDF0D1 /* BookWarm */ = {
			isa = PBXGroup;
			children = (
				DE7407732A8384C9008CC62A /* APIKeys.swift */,
				DE8261F22A7B96D7006B6AF8 /* Resources */,
				DE8261F12A7B96C2006B6AF8 /* Model */,
				DE8261F02A7B96A6006B6AF8 /* Presentation */,
				DE8261EF2A7B9698006B6AF8 /* App */,
				DE0936782A779BC200FDF0D1 /* Info.plist */,
				DE7407712A8384B9008CC62A /* .gitignore */,
			);
			path = BookWarm;
			sourceTree = "<group>";
		};
		DE8261EF2A7B9698006B6AF8 /* App */ = {
			isa = PBXGroup;
			children = (
				DE0936752A779BC200FDF0D1 /* LaunchScreen.storyboard */,
				DE09366C2A779BC000FDF0D1 /* SceneDelegate.swift */,
				DE09366A2A779BBF00FDF0D1 /* AppDelegate.swift */,
			);
			path = App;
			sourceTree = "<group>";
		};
		DE8261F02A7B96A6006B6AF8 /* Presentation */ = {
			isa = PBXGroup;
			children = (
				DE8261F42A7B9715006B6AF8 /* BookSehlf */,
				DE8261F32A7B96F4006B6AF8 /* LookAround */,
				DE09366E2A779BC000FDF0D1 /* DetailInfoViewController.swift */,
				DE0936702A779BC000FDF0D1 /* Main.storyboard */,
				DE0936882A77CC2500FDF0D1 /* SearchViewController.swift */,
			);
			path = Presentation;
			sourceTree = "<group>";
		};
		DE8261F12A7B96C2006B6AF8 /* Model */ = {
			isa = PBXGroup;
			children = (
				DE0936842A779E0700FDF0D1 /* MovieData.swift */,
				DE0936862A77B13300FDF0D1 /* Extension+Label.swift */,
				DE7407752A838702008CC62A /* Book.swift */,
				DE8F49622AA625A30028C055 /* RealmBookModel.swift */,
			);
			path = Model;
			sourceTree = "<group>";
		};
		DE8261F22A7B96D7006B6AF8 /* Resources */ = {
			isa = PBXGroup;
			children = (
				DE0936732A779BC200FDF0D1 /* Assets.xcassets */,
			);
			path = Resources;
			sourceTree = "<group>";
		};
		DE8261F32A7B96F4006B6AF8 /* LookAround */ = {
			isa = PBXGroup;
			children = (
				DE8261E52A7A4B0A006B6AF8 /* RecentLookCollectionViewCell.swift */,
				DE8261E62A7A4B0A006B6AF8 /* RecentLookCollectionViewCell.xib */,
				DE8261E92A7A64DE006B6AF8 /* RecentPopularTableViewCell.swift */,
				DE8261EA2A7A64DE006B6AF8 /* RecentPopularTableViewCell.xib */,
				DE8261E32A7A49B4006B6AF8 /* LookAroundViewController.swift */,
			);
			path = LookAround;
			sourceTree = "<group>";
		};
		DE8261F42A7B9715006B6AF8 /* BookSehlf */ = {
			isa = PBXGroup;
			children = (
				DE0936812A779C7700FDF0D1 /* BookCollectionViewCell.xib */,
				DE09367E2A779C5800FDF0D1 /* BookShelfCollectionViewController.swift */,
				DE0936802A779C7700FDF0D1 /* BookCollectionViewCell.swift */,
			);
			path = BookSehlf;
			sourceTree = "<group>";
		};
/* End PBXGroup section */

/* Begin PBXNativeTarget section */
		DE0936662A779BBF00FDF0D1 /* BookWarm */ = {
			isa = PBXNativeTarget;
			buildConfigurationList = DE09367B2A779BC200FDF0D1 /* Build configuration list for PBXNativeTarget "BookWarm" */;
			buildPhases = (
				DE0936632A779BBF00FDF0D1 /* Sources */,
				DE0936642A779BBF00FDF0D1 /* Frameworks */,
				DE0936652A779BBF00FDF0D1 /* Resources */,
			);
			buildRules = (
			);
			dependencies = (
			);
			name = BookWarm;
			packageProductDependencies = (
				DE7407692A838114008CC62A /* Alamofire */,
				DE74076C2A838123008CC62A /* Kingfisher */,
				DE74076F2A838133008CC62A /* SwiftyJSON */,
				DE8F495D2AA61E520028C055 /* Realm */,
				DE8F495F2AA61E520028C055 /* RealmSwift */,
			);
			productName = BookWarm;
			productReference = DE0936672A779BBF00FDF0D1 /* BookWarm.app */;
			productType = "com.apple.product-type.application";
		};
/* End PBXNativeTarget section */

/* Begin PBXProject section */
		DE09365F2A779BBF00FDF0D1 /* Project object */ = {
			isa = PBXProject;
			attributes = {
				BuildIndependentTargetsInParallel = 1;
				LastSwiftUpdateCheck = 1430;
				LastUpgradeCheck = 1430;
				TargetAttributes = {
					DE0936662A779BBF00FDF0D1 = {
						CreatedOnToolsVersion = 14.3.1;
					};
				};
			};
			buildConfigurationList = DE0936622A779BBF00FDF0D1 /* Build configuration list for PBXProject "BookWarm" */;
			compatibilityVersion = "Xcode 14.0";
			developmentRegion = en;
			hasScannedForEncodings = 0;
			knownRegions = (
				en,
				Base,
			);
			mainGroup = DE09365E2A779BBF00FDF0D1;
			packageReferences = (
				DE7407682A838114008CC62A /* XCRemoteSwiftPackageReference "Alamofire" */,
				DE74076B2A838123008CC62A /* XCRemoteSwiftPackageReference "Kingfisher" */,
				DE74076E2A838133008CC62A /* XCRemoteSwiftPackageReference "SwiftyJSON" */,
				DE8F495C2AA61E520028C055 /* XCRemoteSwiftPackageReference "realm-swift" */,
			);
			productRefGroup = DE0936682A779BBF00FDF0D1 /* Products */;
			projectDirPath = "";
			projectRoot = "";
			targets = (
				DE0936662A779BBF00FDF0D1 /* BookWarm */,
			);
		};
/* End PBXProject section */

/* Begin PBXResourcesBuildPhase section */
		DE0936652A779BBF00FDF0D1 /* Resources */ = {
			isa = PBXResourcesBuildPhase;
			buildActionMask = 2147483647;
			files = (
				DE8261E82A7A4B0A006B6AF8 /* RecentLookCollectionViewCell.xib in Resources */,
				DE7407722A8384B9008CC62A /* .gitignore in Resources */,
				DE0936772A779BC200FDF0D1 /* LaunchScreen.storyboard in Resources */,
				DE0936832A779C7700FDF0D1 /* BookCollectionViewCell.xib in Resources */,
				DE0936742A779BC200FDF0D1 /* Assets.xcassets in Resources */,
				DE8261EC2A7A64DE006B6AF8 /* RecentPopularTableViewCell.xib in Resources */,
				DE0936722A779BC000FDF0D1 /* Main.storyboard in Resources */,
			);
			runOnlyForDeploymentPostprocessing = 0;
		};
/* End PBXResourcesBuildPhase section */

/* Begin PBXSourcesBuildPhase section */
		DE0936632A779BBF00FDF0D1 /* Sources */ = {
			isa = PBXSourcesBuildPhase;
			buildActionMask = 2147483647;
			files = (
				DE0936872A77B13300FDF0D1 /* Extension+Label.swift in Sources */,
				DE8F49632AA625A30028C055 /* RealmBookModel.swift in Sources */,
				DE0936852A779E0700FDF0D1 /* MovieData.swift in Sources */,
				DE0936892A77CC2500FDF0D1 /* SearchViewController.swift in Sources */,
				DE09366F2A779BC000FDF0D1 /* DetailInfoViewController.swift in Sources */,
				DE09366B2A779BBF00FDF0D1 /* AppDelegate.swift in Sources */,
				DE09367F2A779C5800FDF0D1 /* BookShelfCollectionViewController.swift in Sources */,
				DE7407742A8384C9008CC62A /* APIKeys.swift in Sources */,
				DE8261E72A7A4B0A006B6AF8 /* RecentLookCollectionViewCell.swift in Sources */,
				DE0936822A779C7700FDF0D1 /* BookCollectionViewCell.swift in Sources */,
				DE8261E42A7A49B4006B6AF8 /* LookAroundViewController.swift in Sources */,
				DE8261EB2A7A64DE006B6AF8 /* RecentPopularTableViewCell.swift in Sources */,
				DE7407762A838702008CC62A /* Book.swift in Sources */,
				DE09366D2A779BC000FDF0D1 /* SceneDelegate.swift in Sources */,
			);
			runOnlyForDeploymentPostprocessing = 0;
		};
/* End PBXSourcesBuildPhase section */

/* Begin PBXVariantGroup section */
		DE0936702A779BC000FDF0D1 /* Main.storyboard */ = {
			isa = PBXVariantGroup;
			children = (
				DE0936712A779BC000FDF0D1 /* Base */,
			);
			name = Main.storyboard;
			sourceTree = "<group>";
		};
		DE0936752A779BC200FDF0D1 /* LaunchScreen.storyboard */ = {
			isa = PBXVariantGroup;
			children = (
				DE0936762A779BC200FDF0D1 /* Base */,
			);
			name = LaunchScreen.storyboard;
			sourceTree = "<group>";
		};
/* End PBXVariantGroup section */

/* Begin XCBuildConfiguration section */
		DE0936792A779BC200FDF0D1 /* Debug */ = {
			isa = XCBuildConfiguration;
			buildSettings = {
				ALWAYS_SEARCH_USER_PATHS = NO;
				CLANG_ANALYZER_NONNULL = YES;
				CLANG_ANALYZER_NUMBER_OBJECT_CONVERSION = YES_AGGRESSIVE;
				CLANG_CXX_LANGUAGE_STANDARD = "gnu++20";
				CLANG_ENABLE_MODULES = YES;
				CLANG_ENABLE_OBJC_ARC = YES;
				CLANG_ENABLE_OBJC_WEAK = YES;
				CLANG_WARN_BLOCK_CAPTURE_AUTORELEASING = YES;
				CLANG_WARN_BOOL_CONVERSION = YES;
				CLANG_WARN_COMMA = YES;
				CLANG_WARN_CONSTANT_CONVERSION = YES;
				CLANG_WARN_DEPRECATED_OBJC_IMPLEMENTATIONS = YES;
				CLANG_WARN_DIRECT_OBJC_ISA_USAGE = YES_ERROR;
				CLANG_WARN_DOCUMENTATION_COMMENTS = YES;
				CLANG_WARN_EMPTY_BODY = YES;
				CLANG_WARN_ENUM_CONVERSION = YES;
				CLANG_WARN_INFINITE_RECURSION = YES;
				CLANG_WARN_INT_CONVERSION = YES;
				CLANG_WARN_NON_LITERAL_NULL_CONVERSION = YES;
				CLANG_WARN_OBJC_IMPLICIT_RETAIN_SELF = YES;
				CLANG_WARN_OBJC_LITERAL_CONVERSION = YES;
				CLANG_WARN_OBJC_ROOT_CLASS = YES_ERROR;
				CLANG_WARN_QUOTED_INCLUDE_IN_FRAMEWORK_HEADER = YES;
				CLANG_WARN_RANGE_LOOP_ANALYSIS = YES;
				CLANG_WARN_STRICT_PROTOTYPES = YES;
				CLANG_WARN_SUSPICIOUS_MOVE = YES;
				CLANG_WARN_UNGUARDED_AVAILABILITY = YES_AGGRESSIVE;
				CLANG_WARN_UNREACHABLE_CODE = YES;
				CLANG_WARN__DUPLICATE_METHOD_MATCH = YES;
				COPY_PHASE_STRIP = NO;
				DEBUG_INFORMATION_FORMAT = dwarf;
				ENABLE_STRICT_OBJC_MSGSEND = YES;
				ENABLE_TESTABILITY = YES;
				GCC_C_LANGUAGE_STANDARD = gnu11;
				GCC_DYNAMIC_NO_PIC = NO;
				GCC_NO_COMMON_BLOCKS = YES;
				GCC_OPTIMIZATION_LEVEL = 0;
				GCC_PREPROCESSOR_DEFINITIONS = (
					"DEBUG=1",
					"$(inherited)",
				);
				GCC_WARN_64_TO_32_BIT_CONVERSION = YES;
				GCC_WARN_ABOUT_RETURN_TYPE = YES_ERROR;
				GCC_WARN_UNDECLARED_SELECTOR = YES;
				GCC_WARN_UNINITIALIZED_AUTOS = YES_AGGRESSIVE;
				GCC_WARN_UNUSED_FUNCTION = YES;
				GCC_WARN_UNUSED_VARIABLE = YES;
				IPHONEOS_DEPLOYMENT_TARGET = 16.4;
				MTL_ENABLE_DEBUG_INFO = INCLUDE_SOURCE;
				MTL_FAST_MATH = YES;
				ONLY_ACTIVE_ARCH = YES;
				SDKROOT = iphoneos;
				SWIFT_ACTIVE_COMPILATION_CONDITIONS = DEBUG;
				SWIFT_OPTIMIZATION_LEVEL = "-Onone";
			};
			name = Debug;
		};
		DE09367A2A779BC200FDF0D1 /* Release */ = {
			isa = XCBuildConfiguration;
			buildSettings = {
				ALWAYS_SEARCH_USER_PATHS = NO;
				CLANG_ANALYZER_NONNULL = YES;
				CLANG_ANALYZER_NUMBER_OBJECT_CONVERSION = YES_AGGRESSIVE;
				CLANG_CXX_LANGUAGE_STANDARD = "gnu++20";
				CLANG_ENABLE_MODULES = YES;
				CLANG_ENABLE_OBJC_ARC = YES;
				CLANG_ENABLE_OBJC_WEAK = YES;
				CLANG_WARN_BLOCK_CAPTURE_AUTORELEASING = YES;
				CLANG_WARN_BOOL_CONVERSION = YES;
				CLANG_WARN_COMMA = YES;
				CLANG_WARN_CONSTANT_CONVERSION = YES;
				CLANG_WARN_DEPRECATED_OBJC_IMPLEMENTATIONS = YES;
				CLANG_WARN_DIRECT_OBJC_ISA_USAGE = YES_ERROR;
				CLANG_WARN_DOCUMENTATION_COMMENTS = YES;
				CLANG_WARN_EMPTY_BODY = YES;
				CLANG_WARN_ENUM_CONVERSION = YES;
				CLANG_WARN_INFINITE_RECURSION = YES;
				CLANG_WARN_INT_CONVERSION = YES;
				CLANG_WARN_NON_LITERAL_NULL_CONVERSION = YES;
				CLANG_WARN_OBJC_IMPLICIT_RETAIN_SELF = YES;
				CLANG_WARN_OBJC_LITERAL_CONVERSION = YES;
				CLANG_WARN_OBJC_ROOT_CLASS = YES_ERROR;
				CLANG_WARN_QUOTED_INCLUDE_IN_FRAMEWORK_HEADER = YES;
				CLANG_WARN_RANGE_LOOP_ANALYSIS = YES;
				CLANG_WARN_STRICT_PROTOTYPES = YES;
				CLANG_WARN_SUSPICIOUS_MOVE = YES;
				CLANG_WARN_UNGUARDED_AVAILABILITY = YES_AGGRESSIVE;
				CLANG_WARN_UNREACHABLE_CODE = YES;
				CLANG_WARN__DUPLICATE_METHOD_MATCH = YES;
				COPY_PHASE_STRIP = NO;
				DEBUG_INFORMATION_FORMAT = "dwarf-with-dsym";
				ENABLE_NS_ASSERTIONS = NO;
				ENABLE_STRICT_OBJC_MSGSEND = YES;
				GCC_C_LANGUAGE_STANDARD = gnu11;
				GCC_NO_COMMON_BLOCKS = YES;
				GCC_WARN_64_TO_32_BIT_CONVERSION = YES;
				GCC_WARN_ABOUT_RETURN_TYPE = YES_ERROR;
				GCC_WARN_UNDECLARED_SELECTOR = YES;
				GCC_WARN_UNINITIALIZED_AUTOS = YES_AGGRESSIVE;
				GCC_WARN_UNUSED_FUNCTION = YES;
				GCC_WARN_UNUSED_VARIABLE = YES;
				IPHONEOS_DEPLOYMENT_TARGET = 16.4;
				MTL_ENABLE_DEBUG_INFO = NO;
				MTL_FAST_MATH = YES;
				SDKROOT = iphoneos;
				SWIFT_COMPILATION_MODE = wholemodule;
				SWIFT_OPTIMIZATION_LEVEL = "-O";
				VALIDATE_PRODUCT = YES;
			};
			name = Release;
		};
		DE09367C2A779BC200FDF0D1 /* Debug */ = {
			isa = XCBuildConfiguration;
			buildSettings = {
				ASSETCATALOG_COMPILER_APPICON_NAME = AppIcon;
				ASSETCATALOG_COMPILER_GLOBAL_ACCENT_COLOR_NAME = AccentColor;
				CODE_SIGN_STYLE = Automatic;
				CURRENT_PROJECT_VERSION = 1;
				DEVELOPMENT_TEAM = AYG8MBJF93;
				GENERATE_INFOPLIST_FILE = YES;
				INFOPLIST_FILE = BookWarm/Info.plist;
				INFOPLIST_KEY_UIApplicationSupportsIndirectInputEvents = YES;
				INFOPLIST_KEY_UILaunchStoryboardName = LaunchScreen;
				INFOPLIST_KEY_UIMainStoryboardFile = Main;
				INFOPLIST_KEY_UISupportedInterfaceOrientations_iPad = "UIInterfaceOrientationPortrait UIInterfaceOrientationPortraitUpsideDown UIInterfaceOrientationLandscapeLeft UIInterfaceOrientationLandscapeRight";
				INFOPLIST_KEY_UISupportedInterfaceOrientations_iPhone = "UIInterfaceOrientationPortrait UIInterfaceOrientationLandscapeLeft UIInterfaceOrientationLandscapeRight";
				LD_RUNPATH_SEARCH_PATHS = (
					"$(inherited)",
					"@executable_path/Frameworks",
				);
				MARKETING_VERSION = 1.0;
				PRODUCT_BUNDLE_IDENTIFIER = "ILWAT-com.github.BookWarm";
				PRODUCT_NAME = "$(TARGET_NAME)";
				SWIFT_EMIT_LOC_STRINGS = YES;
				SWIFT_VERSION = 5.0;
				TARGETED_DEVICE_FAMILY = "1,2";
			};
			name = Debug;
		};
		DE09367D2A779BC200FDF0D1 /* Release */ = {
			isa = XCBuildConfiguration;
			buildSettings = {
				ASSETCATALOG_COMPILER_APPICON_NAME = AppIcon;
				ASSETCATALOG_COMPILER_GLOBAL_ACCENT_COLOR_NAME = AccentColor;
				CODE_SIGN_STYLE = Automatic;
				CURRENT_PROJECT_VERSION = 1;
				DEVELOPMENT_TEAM = AYG8MBJF93;
				GENERATE_INFOPLIST_FILE = YES;
				INFOPLIST_FILE = BookWarm/Info.plist;
				INFOPLIST_KEY_UIApplicationSupportsIndirectInputEvents = YES;
				INFOPLIST_KEY_UILaunchStoryboardName = LaunchScreen;
				INFOPLIST_KEY_UIMainStoryboardFile = Main;
				INFOPLIST_KEY_UISupportedInterfaceOrientations_iPad = "UIInterfaceOrientationPortrait UIInterfaceOrientationPortraitUpsideDown UIInterfaceOrientationLandscapeLeft UIInterfaceOrientationLandscapeRight";
				INFOPLIST_KEY_UISupportedInterfaceOrientations_iPhone = "UIInterfaceOrientationPortrait UIInterfaceOrientationLandscapeLeft UIInterfaceOrientationLandscapeRight";
				LD_RUNPATH_SEARCH_PATHS = (
					"$(inherited)",
					"@executable_path/Frameworks",
				);
				MARKETING_VERSION = 1.0;
				PRODUCT_BUNDLE_IDENTIFIER = "ILWAT-com.github.BookWarm";
				PRODUCT_NAME = "$(TARGET_NAME)";
				SWIFT_EMIT_LOC_STRINGS = YES;
				SWIFT_VERSION = 5.0;
				TARGETED_DEVICE_FAMILY = "1,2";
			};
			name = Release;
		};
/* End XCBuildConfiguration section */

/* Begin XCConfigurationList section */
		DE0936622A779BBF00FDF0D1 /* Build configuration list for PBXProject "BookWarm" */ = {
			isa = XCConfigurationList;
			buildConfigurations = (
				DE0936792A779BC200FDF0D1 /* Debug */,
				DE09367A2A779BC200FDF0D1 /* Release */,
			);
			defaultConfigurationIsVisible = 0;
			defaultConfigurationName = Release;
		};
		DE09367B2A779BC200FDF0D1 /* Build configuration list for PBXNativeTarget "BookWarm" */ = {
			isa = XCConfigurationList;
			buildConfigurations = (
				DE09367C2A779BC200FDF0D1 /* Debug */,
				DE09367D2A779BC200FDF0D1 /* Release */,
			);
			defaultConfigurationIsVisible = 0;
			defaultConfigurationName = Release;
		};
/* End XCConfigurationList section */

/* Begin XCRemoteSwiftPackageReference section */
		DE7407682A838114008CC62A /* XCRemoteSwiftPackageReference "Alamofire" */ = {
			isa = XCRemoteSwiftPackageReference;
			repositoryURL = "https://github.com/Alamofire/Alamofire";
			requirement = {
				kind = upToNextMinorVersion;
				minimumVersion = 5.7.0;
			};
		};
		DE74076B2A838123008CC62A /* XCRemoteSwiftPackageReference "Kingfisher" */ = {
			isa = XCRemoteSwiftPackageReference;
			repositoryURL = "https://github.com/onevcat/Kingfisher";
			requirement = {
				kind = upToNextMinorVersion;
				minimumVersion = 7.9.0;
			};
		};
		DE74076E2A838133008CC62A /* XCRemoteSwiftPackageReference "SwiftyJSON" */ = {
			isa = XCRemoteSwiftPackageReference;
			repositoryURL = "https://github.com/SwiftyJSON/SwiftyJSON.git";
			requirement = {
				kind = upToNextMajorVersion;
				minimumVersion = 5.0.0;
			};
		};
		DE8F495C2AA61E520028C055 /* XCRemoteSwiftPackageReference "realm-swift" */ = {
			isa = XCRemoteSwiftPackageReference;
			repositoryURL = "https://github.com/realm/realm-swift.git";
			requirement = {
				kind = exactVersion;
				version = 10.42.1;
			};
		};
/* End XCRemoteSwiftPackageReference section */

/* Begin XCSwiftPackageProductDependency section */
		DE7407692A838114008CC62A /* Alamofire */ = {
			isa = XCSwiftPackageProductDependency;
			package = DE7407682A838114008CC62A /* XCRemoteSwiftPackageReference "Alamofire" */;
			productName = Alamofire;
		};
		DE74076C2A838123008CC62A /* Kingfisher */ = {
			isa = XCSwiftPackageProductDependency;
			package = DE74076B2A838123008CC62A /* XCRemoteSwiftPackageReference "Kingfisher" */;
			productName = Kingfisher;
		};
		DE74076F2A838133008CC62A /* SwiftyJSON */ = {
			isa = XCSwiftPackageProductDependency;
			package = DE74076E2A838133008CC62A /* XCRemoteSwiftPackageReference "SwiftyJSON" */;
			productName = SwiftyJSON;
		};
		DE8F495D2AA61E520028C055 /* Realm */ = {
			isa = XCSwiftPackageProductDependency;
			package = DE8F495C2AA61E520028C055 /* XCRemoteSwiftPackageReference "realm-swift" */;
			productName = Realm;
		};
		DE8F495F2AA61E520028C055 /* RealmSwift */ = {
			isa = XCSwiftPackageProductDependency;
			package = DE8F495C2AA61E520028C055 /* XCRemoteSwiftPackageReference "realm-swift" */;
			productName = RealmSwift;
		};
/* End XCSwiftPackageProductDependency section */
	};
	rootObject = DE09365F2A779BBF00FDF0D1 /* Project object */;
}
